
Microsoft Visual Studio Solution File, Format Version 10.00
# Visual Studio 2008
Project("{8BC9CEB8-8B4A-11D0-8D11-00A0C91BC942}") = "multiple", "multiple\multiple.vcproj", "{EDF62C37-7509-4EEF-AB5E-CF2071B5FD17}"
EndProject
Global
	GlobalSection(SolutionConfigurationPlatforms) = preSolution
		Debug|Win32 = Debug|Win32
		Release|Win32 = Release|Win32
	EndGlobalSection
	GlobalSection(ProjectConfigurationPlatforms) = postSolution
		{EDF62C37-7509-4EEF-AB5E-CF2071B5FD17}.Debug|Win32.ActiveCfg = Debug|Win32
		{EDF62C37-7509-4EEF-AB5E-CF2071B5FD17}.Debug|Win32.Build.0 = Debug|Win32
		{EDF62C37-7509-4EEF-AB5E-CF2071B5FD17}.Release|Win32.ActiveCfg = Release|Win32
		{EDF62C37-7509-4EEF-AB5E-CF2071B5FD17}.Release|Win32.Build.0 = Release|Win32
	EndGlobalSection
	GlobalSection(SolutionProperties) = preSolution
		HideSolutionNode = FALSE
	EndGlobalSection
EndGlobal
